<?xml version="1.0" encoding="utf-8"?>
<Project ToolsVersion="4.0" xmlns="http://schemas.microsoft.com/developer/msbuild/2003">
  <ItemGroup>
    <Filter Include="Source Files">
      <UniqueIdentifier>{4FC737F1-C7A5-4376-A066-2A32D752A2FF}</UniqueIdentifier>
      <Extensions>cpp;c;cc;cxx;def;odl;idl;hpj;bat;asm;asmx</Extensions>
    </Filter>
    <Filter Include="Header Files">
      <UniqueIdentifier>{93995380-89BD-4b04-88EB-625FBE52EBFB}</UniqueIdentifier>
      <Extensions>h;hpp;hxx;hm;inl;inc;xsd</Extensions>
    </Filter>
    <Filter Include="Resource Files">
      <UniqueIdentifier>{67DA6AB6-F800-4c08-8B7A-83BB121AAD01}</UniqueIdentifier>
      <Extensions>rc;ico;cur;bmp;dlg;rc2;rct;bin;rgs;gif;jpg;jpeg;jpe;resx;tiff;tif;png;wav;mfcribbon-ms</Extensions>
    </Filter>
    <Filter Include="Resource Files\C32GdiPng">
      <UniqueIdentifier>{4d2567a3-63b6-4e62-99f9-c7d1cab40017}</UniqueIdentifier>
    </Filter>
    <Filter Include="Resource Files\ICO">
      <UniqueIdentifier>{0d47167c-211c-4f32-a480-1e0f1bddd74f}</UniqueIdentifier>
    </Filter>
  </ItemGroup>
  <ItemGroup>
    <None Include="ReadMe.txt" />
    <None Include="Res\C32.ico">
      <Filter>Resource Files\ICO</Filter>
    </None>
    <None Include="Res\Check.ico">
      <Filter>Resource Files\ICO</Filter>
    </None>
    <None Include="Res\explorer.ico">
      <Filter>Resource Files\ICO</Filter>
    </None>
    <None Include="res\icon3.ico">
      <Filter>Resource Files\ICO</Filter>
    </None>
    <None Include="AWin32Frame.ico">
      <Filter>Resource Files\ICO</Filter>
    </None>
  </ItemGroup>
  <ItemGroup>
    <ClInclude Include="stdafx.h">
      <Filter>Header Files</Filter>
    </ClInclude>
    <ClInclude Include="targetver.h">
      <Filter>Header Files</Filter>
    </ClInclude>
    <ClInclude Include="Resource.h">
      <Filter>Header Files</Filter>
    </ClInclude>
    <ClInclude Include="AWin32Frame.h">
      <Filter>Header Files</Filter>
    </ClInclude>
    <ClInclude Include="C32Control.h">
      <Filter>Source Files</Filter>
    </ClInclude>
    <ClInclude Include="Resource1.h">
      <Filter>Header Files</Filter>
    </ClInclude>
    <ClInclude Include="C32ControlTest.h">
      <Filter>Source Files</Filter>
    </ClInclude>
    <ClInclude Include="GdiTest.h">
      <Filter>Source Files</Filter>
    </ClInclude>
    <ClInclude Include="C32DebugMsg.h">
      <Filter>Source Files</Filter>
    </ClInclude>
    <ClInclude Include="C32Helper.h">
      <Filter>Source Files</Filter>
    </ClInclude>
    <ClInclude Include="C32Debug.h">
      <Filter>Source Files</Filter>
    </ClInclude>
    <ClInclude Include="C32Include.h">
      <Filter>Header Files</Filter>
    </ClInclude>
  </ItemGroup>
  <ItemGroup>
    <ClCompile Include="stdafx.cpp">
      <Filter>Source Files</Filter>
    </ClCompile>
    <ClCompile Include="AWin32Frame.cpp">
      <Filter>Source Files</Filter>
    </ClCompile>
    <ClCompile Include="C32Control.cpp">
      <Filter>Source Files</Filter>
    </ClCompile>
    <ClCompile Include="C32ControlTest.cpp">
      <Filter>Source Files</Filter>
    </ClCompile>
    <ClCompile Include="GdiTest.cpp">
      <Filter>Source Files</Filter>
    </ClCompile>
    <ClCompile Include="C32DebugMsg.cpp">
      <Filter>Source Files</Filter>
    </ClCompile>
    <ClCompile Include="C32Debug.cpp">
      <Filter>Source Files</Filter>
    </ClCompile>
    <ClCompile Include="C32Helper.cpp">
      <Filter>Source Files</Filter>
    </ClCompile>
  </ItemGroup>
  <ItemGroup>
    <ResourceCompile Include="AWin32Frame.rc">
      <Filter>Resource Files</Filter>
    </ResourceCompile>
    <ResourceCompile Include="C32Class.rc">
      <Filter>Resource Files</Filter>
    </ResourceCompile>
  </ItemGroup>
</Project>